
Microsoft Visual Studio Solution File, Format Version 12.00
# Visual Studio 14
VisualStudioVersion = 14.0.23107.0
MinimumVisualStudioVersion = 10.0.40219.1
Project("{FAE04EC0-301F-11D3-BF4B-00C04F79EFBC}") = "LongestCommonSubsequence", "LongestCommonSubsequence\LongestCommonSubsequence.csproj", "{D5648DCF-7BFE-4780-8DED-ADA32D43F30D}"
EndProject
Project("{FAE04EC0-301F-11D3-BF4B-00C04F79EFBC}") = "PrintLCS", "PrintLCS\PrintLCS.csproj", "{C80C8F34-8708-4772-9A34-35B8A91A6707}"
EndProject
Global
	GlobalSection(SolutionConfigurationPlatforms) = preSolution
		Debug|Any CPU = Debug|Any CPU
		Release|Any CPU = Release|Any CPU
	EndGlobalSection
	GlobalSection(ProjectConfigurationPlatforms) = postSolution
		{D5648DCF-7BFE-4780-8DED-ADA32D43F30D}.Debug|Any CPU.ActiveCfg = Debug|Any CPU
		{D5648DCF-7BFE-4780-8DED-ADA32D43F30D}.Debug|Any CPU.Build.0 = Debug|Any CPU
		{D5648DCF-7BFE-4780-8DED-ADA32D43F30D}.Release|Any CPU.ActiveCfg = Release|Any CPU
		{D5648DCF-7BFE-4780-8DED-ADA32D43F30D}.Release|Any CPU.Build.0 = Release|Any CPU
		{C80C8F34-8708-4772-9A34-35B8A91A6707}.Debug|Any CPU.ActiveCfg = Debug|Any CPU
		{C80C8F34-8708-4772-9A34-35B8A91A6707}.Debug|Any CPU.Build.0 = Debug|Any CPU
		{C80C8F34-8708-4772-9A34-35B8A91A6707}.Release|Any CPU.ActiveCfg = Release|Any CPU
		{C80C8F34-8708-4772-9A34-35B8A91A6707}.Release|Any CPU.Build.0 = Release|Any CPU
	EndGlobalSection
	GlobalSection(SolutionProperties) = preSolution
		HideSolutionNode = FALSE
	EndGlobalSection
EndGlobal
