
Microsoft Visual Studio Solution File, Format Version 12.00
# Visual Studio 14
VisualStudioVersion = 14.0.23107.0
MinimumVisualStudioVersion = 10.0.40219.1
Project("{FAE04EC0-301F-11D3-BF4B-00C04F79EFBC}") = "Unique_Value in an Array of Duplicates", "Unique_Value in an Array of Duplicates\Unique_Value in an Array of Duplicates.csproj", "{800F4FAB-4222-4380-AE96-E9863C13995E}"
EndProject
Project("{FAE04EC0-301F-11D3-BF4B-00C04F79EFBC}") = "FindUniqueValueBinarySearch", "FindUniqueValueBinarySearch\FindUniqueValueBinarySearch.csproj", "{7F9B1390-B240-43E1-BC72-A8FA4667C213}"
EndProject
Global
	GlobalSection(SolutionConfigurationPlatforms) = preSolution
		Debug|Any CPU = Debug|Any CPU
		Release|Any CPU = Release|Any CPU
	EndGlobalSection
	GlobalSection(ProjectConfigurationPlatforms) = postSolution
		{800F4FAB-4222-4380-AE96-E9863C13995E}.Debug|Any CPU.ActiveCfg = Debug|Any CPU
		{800F4FAB-4222-4380-AE96-E9863C13995E}.Debug|Any CPU.Build.0 = Debug|Any CPU
		{800F4FAB-4222-4380-AE96-E9863C13995E}.Release|Any CPU.ActiveCfg = Release|Any CPU
		{800F4FAB-4222-4380-AE96-E9863C13995E}.Release|Any CPU.Build.0 = Release|Any CPU
		{7F9B1390-B240-43E1-BC72-A8FA4667C213}.Debug|Any CPU.ActiveCfg = Debug|Any CPU
		{7F9B1390-B240-43E1-BC72-A8FA4667C213}.Debug|Any CPU.Build.0 = Debug|Any CPU
		{7F9B1390-B240-43E1-BC72-A8FA4667C213}.Release|Any CPU.ActiveCfg = Release|Any CPU
		{7F9B1390-B240-43E1-BC72-A8FA4667C213}.Release|Any CPU.Build.0 = Release|Any CPU
	EndGlobalSection
	GlobalSection(SolutionProperties) = preSolution
		HideSolutionNode = FALSE
	EndGlobalSection
EndGlobal
